
Microsoft Visual Studio Solution File, Format Version 12.00
# Visual Studio Version 16
VisualStudioVersion = 16.0.28922.388
MinimumVisualStudioVersion = 10.0.40219.1
Project("{9A19103F-16F7-4668-BE54-9A1E7A4F7556}") = "Admin-Portal", "Admin-Portal.csproj", "{1768F54B-16CB-4AA2-8543-7E5FD52580B9}"
EndProject
Project("{FAE04EC0-301F-11D3-BF4B-00C04F79EFBC}") = "UnitTestProject1", "..\UnitTestProject1\UnitTestProject1.csproj", "{2854A6A7-1799-4A72-877A-D83BB003BEB7}"
EndProject
Global
	GlobalSection(SolutionConfigurationPlatforms) = preSolution
		Debug|Any CPU = Debug|Any CPU
		Release|Any CPU = Release|Any CPU
	EndGlobalSection
	GlobalSection(ProjectConfigurationPlatforms) = postSolution
		{1768F54B-16CB-4AA2-8543-7E5FD52580B9}.Debug|Any CPU.ActiveCfg = Debug|Any CPU
		{1768F54B-16CB-4AA2-8543-7E5FD52580B9}.Debug|Any CPU.Build.0 = Debug|Any CPU
		{1768F54B-16CB-4AA2-8543-7E5FD52580B9}.Release|Any CPU.ActiveCfg = Release|Any CPU
		{1768F54B-16CB-4AA2-8543-7E5FD52580B9}.Release|Any CPU.Build.0 = Release|Any CPU
		{2854A6A7-1799-4A72-877A-D83BB003BEB7}.Debug|Any CPU.ActiveCfg = Debug|Any CPU
		{2854A6A7-1799-4A72-877A-D83BB003BEB7}.Debug|Any CPU.Build.0 = Debug|Any CPU
		{2854A6A7-1799-4A72-877A-D83BB003BEB7}.Release|Any CPU.ActiveCfg = Release|Any CPU
		{2854A6A7-1799-4A72-877A-D83BB003BEB7}.Release|Any CPU.Build.0 = Release|Any CPU
	EndGlobalSection
	GlobalSection(SolutionProperties) = preSolution
		HideSolutionNode = FALSE
	EndGlobalSection
	GlobalSection(ExtensibilityGlobals) = postSolution
		SolutionGuid = {C77D3DBA-8F86-48BA-881C-E93612DA6420}
	EndGlobalSection
EndGlobal
